
Microsoft Visual Studio Solution File, Format Version 11.00
# Visual Studio 2010
Project("{FAE04EC0-301F-11D3-BF4B-00C04F79EFBC}") = "Assembly-CSharp", "Assembly-CSharp.csproj", "{06DA837A-6979-38A8-E52B-2689B48C9083}"
EndProject
Project("{FAE04EC0-301F-11D3-BF4B-00C04F79EFBC}") = "Assembly-CSharp-Editor", "Assembly-CSharp-Editor.csproj", "{FDB28599-5C12-4FC3-77EE-708ED4B7F107}"
EndProject
Global
	GlobalSection(SolutionConfigurationPlatforms) = preSolution
		Debug|Any CPU = Debug|Any CPU
		Release|Any CPU = Release|Any CPU
	EndGlobalSection
	GlobalSection(ProjectConfigurationPlatforms) = postSolution
		{06DA837A-6979-38A8-E52B-2689B48C9083}.Debug|Any CPU.ActiveCfg = Debug|Any CPU
		{06DA837A-6979-38A8-E52B-2689B48C9083}.Debug|Any CPU.Build.0 = Debug|Any CPU
		{06DA837A-6979-38A8-E52B-2689B48C9083}.Release|Any CPU.ActiveCfg = Release|Any CPU
		{06DA837A-6979-38A8-E52B-2689B48C9083}.Release|Any CPU.Build.0 = Release|Any CPU
		{FDB28599-5C12-4FC3-77EE-708ED4B7F107}.Debug|Any CPU.ActiveCfg = Debug|Any CPU
		{FDB28599-5C12-4FC3-77EE-708ED4B7F107}.Debug|Any CPU.Build.0 = Debug|Any CPU
		{FDB28599-5C12-4FC3-77EE-708ED4B7F107}.Release|Any CPU.ActiveCfg = Release|Any CPU
		{FDB28599-5C12-4FC3-77EE-708ED4B7F107}.Release|Any CPU.Build.0 = Release|Any CPU
	EndGlobalSection
	GlobalSection(SolutionProperties) = preSolution
		HideSolutionNode = FALSE
	EndGlobalSection
EndGlobal
